
Microsoft Visual Studio Solution File, Format Version 12.00
# Visual Studio Version 17
VisualStudioVersion = 17.7.34031.279
MinimumVisualStudioVersion = 10.0.40219.1
Project("{9A19103F-16F7-4668-BE54-9A1E7A4F7556}") = "TimeCapsuleProof", "Capsule\TimeCapsuleProof.csproj", "{1E55687F-A406-431D-96F5-3259C0A9E11C}"
EndProject
Global
	GlobalSection(SolutionConfigurationPlatforms) = preSolution
		Debug|Any CPU = Debug|Any CPU
		Release|Any CPU = Release|Any CPU
	EndGlobalSection
	GlobalSection(ProjectConfigurationPlatforms) = postSolution
		{1E55687F-A406-431D-96F5-3259C0A9E11C}.Debug|Any CPU.ActiveCfg = Debug|Any CPU
		{1E55687F-A406-431D-96F5-3259C0A9E11C}.Debug|Any CPU.Build.0 = Debug|Any CPU
		{1E55687F-A406-431D-96F5-3259C0A9E11C}.Release|Any CPU.ActiveCfg = Release|Any CPU
		{1E55687F-A406-431D-96F5-3259C0A9E11C}.Release|Any CPU.Build.0 = Release|Any CPU
	EndGlobalSection
	GlobalSection(SolutionProperties) = preSolution
		HideSolutionNode = FALSE
	EndGlobalSection
	GlobalSection(ExtensibilityGlobals) = postSolution
		SolutionGuid = {D6CD97B1-E957-453D-9C3D-CA7E6AA91938}
	EndGlobalSection
EndGlobal
